
Microsoft Visual Studio Solution File, Format Version 12.00
# Visual Studio Version 17
VisualStudioVersion = 17.10.34916.146
MinimumVisualStudioVersion = 10.0.40219.1
Project("{9A19103F-16F7-4668-BE54-9A1E7A4F7556}") = "EventBus", "EventBus\EventBus.csproj", "{0AB7C7FC-9E12-43E8-8E1C-2317AF75B843}"
EndProject
Project("{9A19103F-16F7-4668-BE54-9A1E7A4F7556}") = "WebApplication1", "WebApplication1\WebApplication1.csproj", "{ED519090-9826-4DEC-91C4-A48365D5AD04}"
EndProject
Project("{9A19103F-16F7-4668-BE54-9A1E7A4F7556}") = "EventBus.AppHost", "EventBus.AppHost\EventBus.AppHost.csproj", "{814E0E13-A2DC-447E-8513-671847D6C613}"
EndProject
Project("{9A19103F-16F7-4668-BE54-9A1E7A4F7556}") = "EventBus.ServiceDefaults", "EventBus.ServiceDefaults\EventBus.ServiceDefaults.csproj", "{8A7ECC91-F580-428F-8450-8CA1D083A45F}"
EndProject
Project("{9A19103F-16F7-4668-BE54-9A1E7A4F7556}") = "Infrastructure", "Infrastructure\Infrastructure.csproj", "{F5588B32-6E9B-488F-B5D9-9DD23D069A58}"
EndProject
Project("{9A19103F-16F7-4668-BE54-9A1E7A4F7556}") = "EventBus.RabbitMQ", "EventBus.RabbitMQ\EventBus.RabbitMQ.csproj", "{E036C1B1-C538-4B8F-A101-87D233DC53F7}"
EndProject
Project("{9A19103F-16F7-4668-BE54-9A1E7A4F7556}") = "EventBus.EventLog.EFCore", "EventBus.EventLog.EFCore\EventBus.EventLog.EFCore.csproj", "{C64F08F5-5EC0-4447-95DC-0B559C9F8F19}"
EndProject
Project("{FAE04EC0-301F-11D3-BF4B-00C04F79EFBC}") = "MyTimedTask", "MyTimedTask\MyTimedTask.csproj", "{6C37BA69-64B5-4B7E-96D5-F81E4AB51DBF}"
EndProject
Global
	GlobalSection(SolutionConfigurationPlatforms) = preSolution
		Debug|Any CPU = Debug|Any CPU
		Release|Any CPU = Release|Any CPU
	EndGlobalSection
	GlobalSection(ProjectConfigurationPlatforms) = postSolution
		{0AB7C7FC-9E12-43E8-8E1C-2317AF75B843}.Debug|Any CPU.ActiveCfg = Debug|Any CPU
		{0AB7C7FC-9E12-43E8-8E1C-2317AF75B843}.Debug|Any CPU.Build.0 = Debug|Any CPU
		{0AB7C7FC-9E12-43E8-8E1C-2317AF75B843}.Release|Any CPU.ActiveCfg = Release|Any CPU
		{0AB7C7FC-9E12-43E8-8E1C-2317AF75B843}.Release|Any CPU.Build.0 = Release|Any CPU
		{ED519090-9826-4DEC-91C4-A48365D5AD04}.Debug|Any CPU.ActiveCfg = Debug|Any CPU
		{ED519090-9826-4DEC-91C4-A48365D5AD04}.Debug|Any CPU.Build.0 = Debug|Any CPU
		{ED519090-9826-4DEC-91C4-A48365D5AD04}.Release|Any CPU.ActiveCfg = Release|Any CPU
		{ED519090-9826-4DEC-91C4-A48365D5AD04}.Release|Any CPU.Build.0 = Release|Any CPU
		{814E0E13-A2DC-447E-8513-671847D6C613}.Debug|Any CPU.ActiveCfg = Debug|Any CPU
		{814E0E13-A2DC-447E-8513-671847D6C613}.Debug|Any CPU.Build.0 = Debug|Any CPU
		{814E0E13-A2DC-447E-8513-671847D6C613}.Release|Any CPU.ActiveCfg = Release|Any CPU
		{814E0E13-A2DC-447E-8513-671847D6C613}.Release|Any CPU.Build.0 = Release|Any CPU
		{8A7ECC91-F580-428F-8450-8CA1D083A45F}.Debug|Any CPU.ActiveCfg = Debug|Any CPU
		{8A7ECC91-F580-428F-8450-8CA1D083A45F}.Debug|Any CPU.Build.0 = Debug|Any CPU
		{8A7ECC91-F580-428F-8450-8CA1D083A45F}.Release|Any CPU.ActiveCfg = Release|Any CPU
		{8A7ECC91-F580-428F-8450-8CA1D083A45F}.Release|Any CPU.Build.0 = Release|Any CPU
		{F5588B32-6E9B-488F-B5D9-9DD23D069A58}.Debug|Any CPU.ActiveCfg = Debug|Any CPU
		{F5588B32-6E9B-488F-B5D9-9DD23D069A58}.Debug|Any CPU.Build.0 = Debug|Any CPU
		{F5588B32-6E9B-488F-B5D9-9DD23D069A58}.Release|Any CPU.ActiveCfg = Release|Any CPU
		{F5588B32-6E9B-488F-B5D9-9DD23D069A58}.Release|Any CPU.Build.0 = Release|Any CPU
		{E036C1B1-C538-4B8F-A101-87D233DC53F7}.Debug|Any CPU.ActiveCfg = Debug|Any CPU
		{E036C1B1-C538-4B8F-A101-87D233DC53F7}.Debug|Any CPU.Build.0 = Debug|Any CPU
		{E036C1B1-C538-4B8F-A101-87D233DC53F7}.Release|Any CPU.ActiveCfg = Release|Any CPU
		{E036C1B1-C538-4B8F-A101-87D233DC53F7}.Release|Any CPU.Build.0 = Release|Any CPU
		{C64F08F5-5EC0-4447-95DC-0B559C9F8F19}.Debug|Any CPU.ActiveCfg = Debug|Any CPU
		{C64F08F5-5EC0-4447-95DC-0B559C9F8F19}.Debug|Any CPU.Build.0 = Debug|Any CPU
		{C64F08F5-5EC0-4447-95DC-0B559C9F8F19}.Release|Any CPU.ActiveCfg = Release|Any CPU
		{C64F08F5-5EC0-4447-95DC-0B559C9F8F19}.Release|Any CPU.Build.0 = Release|Any CPU
		{6C37BA69-64B5-4B7E-96D5-F81E4AB51DBF}.Debug|Any CPU.ActiveCfg = Debug|Any CPU
		{6C37BA69-64B5-4B7E-96D5-F81E4AB51DBF}.Debug|Any CPU.Build.0 = Debug|Any CPU
		{6C37BA69-64B5-4B7E-96D5-F81E4AB51DBF}.Release|Any CPU.ActiveCfg = Release|Any CPU
		{6C37BA69-64B5-4B7E-96D5-F81E4AB51DBF}.Release|Any CPU.Build.0 = Release|Any CPU
	EndGlobalSection
	GlobalSection(SolutionProperties) = preSolution
		HideSolutionNode = FALSE
	EndGlobalSection
	GlobalSection(ExtensibilityGlobals) = postSolution
		SolutionGuid = {DFCD2D45-81D7-4892-A4D8-D8CBE3C3BC3F}
	EndGlobalSection
EndGlobal
